
Microsoft Visual Studio Solution File, Format Version 12.00
# Visual Studio Version 16
VisualStudioVersion = 16.0.29728.190
MinimumVisualStudioVersion = 10.0.40219.1
Project("{FAE04EC0-301F-11D3-BF4B-00C04F79EFBC}") = "AwesomeWatch", "AwesomeWatch\AwesomeWatch\AwesomeWatch.csproj", "{87DF815F-C7DD-4F8A-B928-BC8566A55C10}"
EndProject
Global
	GlobalSection(SolutionConfigurationPlatforms) = preSolution
		Debug|Any CPU = Debug|Any CPU
		Release|Any CPU = Release|Any CPU
	EndGlobalSection
	GlobalSection(ProjectConfigurationPlatforms) = postSolution
		{87DF815F-C7DD-4F8A-B928-BC8566A55C10}.Debug|Any CPU.ActiveCfg = Debug|Any CPU
		{87DF815F-C7DD-4F8A-B928-BC8566A55C10}.Debug|Any CPU.Build.0 = Debug|Any CPU
		{87DF815F-C7DD-4F8A-B928-BC8566A55C10}.Debug|Any CPU.Deploy.0 = Debug|Any CPU
		{87DF815F-C7DD-4F8A-B928-BC8566A55C10}.Release|Any CPU.ActiveCfg = Release|Any CPU
		{87DF815F-C7DD-4F8A-B928-BC8566A55C10}.Release|Any CPU.Build.0 = Release|Any CPU
		{87DF815F-C7DD-4F8A-B928-BC8566A55C10}.Release|Any CPU.Deploy.0 = Release|Any CPU
	EndGlobalSection
	GlobalSection(SolutionProperties) = preSolution
		HideSolutionNode = FALSE
	EndGlobalSection
	GlobalSection(ExtensibilityGlobals) = postSolution
		SolutionGuid = {29120960-4ABE-447C-BF96-7D83907617DC}
	EndGlobalSection
EndGlobal
